
Microsoft Visual Studio Solution File, Format Version 12.00
# Visual Studio Version 17
VisualStudioVersion = 17.3.32811.315
MinimumVisualStudioVersion = 10.0.40219.1
Project("{FAE04EC0-301F-11D3-BF4B-00C04F79EFBC}") = "ukol7_int4", "ukol7_int4\ukol7_int4.csproj", "{A7D32C8A-8138-4C80-B010-14662CDEC45B}"
EndProject
Global
	GlobalSection(SolutionConfigurationPlatforms) = preSolution
		Debug|Any CPU = Debug|Any CPU
		Release|Any CPU = Release|Any CPU
	EndGlobalSection
	GlobalSection(ProjectConfigurationPlatforms) = postSolution
		{A7D32C8A-8138-4C80-B010-14662CDEC45B}.Debug|Any CPU.ActiveCfg = Debug|Any CPU
		{A7D32C8A-8138-4C80-B010-14662CDEC45B}.Debug|Any CPU.Build.0 = Debug|Any CPU
		{A7D32C8A-8138-4C80-B010-14662CDEC45B}.Release|Any CPU.ActiveCfg = Release|Any CPU
		{A7D32C8A-8138-4C80-B010-14662CDEC45B}.Release|Any CPU.Build.0 = Release|Any CPU
	EndGlobalSection
	GlobalSection(SolutionProperties) = preSolution
		HideSolutionNode = FALSE
	EndGlobalSection
	GlobalSection(ExtensibilityGlobals) = postSolution
		SolutionGuid = {FF891DED-6800-4287-847C-C7223022B937}
	EndGlobalSection
EndGlobal
